PODS:
  - Colours (2.0)
  - RSCategories (0.1)
  - SocketRocket (0.3.1-beta2)
  - UALogger (0.2.3)

DEPENDENCIES:
  - Colours (~> 2.0)
  - RSCategories (~> 0.1)
  - SocketRocket (~> 0.3.1-beta2)
  - UALogger (~> 0.2.3)

SPEC CHECKSUMS:
  Colours: db86d21666586908dee6f27f54d04bd81a67984a
  RSCategories: 69826242601f1e95c07c5e562bd41f7dac7e39b8
  SocketRocket: 7ac946bcce46287a791dfff3c1f8daa692821dae
  UALogger: abe2af53cf3a72fd8ed3625ee331c546c4c7bde9

COCOAPODS: 0.27.1
