// !$*UTF8*$!
{
	archiveVersion = 1;
	classes = {
	};
	objectVersion = 46;
	objects = {

/* Begin PBXBuildFile section */
		7BDA1365B1CD4ABC95E19243 /* libPods-LMS.a in Frameworks */ = {isa = PBXBuildFile; fileRef = F7E78292728E4CE9BFE9B899 /* libPods-LMS.a */; };
		901E9427182BF7710048C761 /* Foundation.framework in Frameworks */ = {isa = PBXBuildFile; fileRef = 901E9426182BF7710048C761 /* Foundation.framework */; };
		901E9429182BF7710048C761 /* CoreGraphics.framework in Frameworks */ = {isa = PBXBuildFile; fileRef = 901E9428182BF7710048C761 /* CoreGraphics.framework */; };
		901E942B182BF7710048C761 /* UIKit.framework in Frameworks */ = {isa = PBXBuildFile; fileRef = 901E942A182BF7710048C761 /* UIKit.framework */; };
		901E9431182BF7710048C761 /* InfoPlist.strings in Resources */ = {isa = PBXBuildFile; fileRef = 901E942F182BF7710048C761 /* InfoPlist.strings */; };
		901E9433182BF7710048C761 /* main.m in Sources */ = {isa = PBXBuildFile; fileRef = 901E9432182BF7710048C761 /* main.m */; };
		901E9437182BF7710048C761 /* AppDelegate.m in Sources */ = {isa = PBXBuildFile; fileRef = 901E9436182BF7710048C761 /* AppDelegate.m */; };
		901E943A182BF7710048C761 /* Main_iPhone.storyboard in Resources */ = {isa = PBXBuildFile; fileRef = 901E9438182BF7710048C761 /* Main_iPhone.storyboard */; };
		901E943D182BF7710048C761 /* Main_iPad.storyboard in Resources */ = {isa = PBXBuildFile; fileRef = 901E943B182BF7710048C761 /* Main_iPad.storyboard */; };
		901E9449182BF7720048C761 /* XCTest.framework in Frameworks */ = {isa = PBXBuildFile; fileRef = 901E9448182BF7720048C761 /* XCTest.framework */; };
		901E944A182BF7720048C761 /* Foundation.framework in Frameworks */ = {isa = PBXBuildFile; fileRef = 901E9426182BF7710048C761 /* Foundation.framework */; };
		901E944B182BF7720048C761 /* UIKit.framework in Frameworks */ = {isa = PBXBuildFile; fileRef = 901E942A182BF7710048C761 /* UIKit.framework */; };
		901E9453182BF7720048C761 /* InfoPlist.strings in Resources */ = {isa = PBXBuildFile; fileRef = 901E9451182BF7720048C761 /* InfoPlist.strings */; };
		901E9455182BF7720048C761 /* LMSTests.m in Sources */ = {isa = PBXBuildFile; fileRef = 901E9454182BF7720048C761 /* LMSTests.m */; };
		901E946A182BF9C30048C761 /* LMSHomeViewController.m in Sources */ = {isa = PBXBuildFile; fileRef = 901E9461182BF9C30048C761 /* LMSHomeViewController.m */; };
		901E946B182BF9C30048C761 /* LMSMenuViewController.mm in Sources */ = {isa = PBXBuildFile; fileRef = 901E9463182BF9C30048C761 /* LMSMenuViewController.mm */; };
		901E946C182BF9C30048C761 /* LMSNavigationController.m in Sources */ = {isa = PBXBuildFile; fileRef = 901E9465182BF9C30048C761 /* LMSNavigationController.m */; };
		901E946D182BF9C30048C761 /* LMSRootViewController.m in Sources */ = {isa = PBXBuildFile; fileRef = 901E9467182BF9C30048C761 /* LMSRootViewController.m */; };
		901E946E182BF9C30048C761 /* LMSSecondViewController.m in Sources */ = {isa = PBXBuildFile; fileRef = 901E9469182BF9C30048C761 /* LMSSecondViewController.m */; };
		901E9470182BFA2A0048C761 /* Images.xcassets in Resources */ = {isa = PBXBuildFile; fileRef = 901E946F182BFA2A0048C761 /* Images.xcassets */; };
		901E9476182BFC3E0048C761 /* avatar@2x.jpg in Resources */ = {isa = PBXBuildFile; fileRef = 901E9475182BFC3E0048C761 /* avatar@2x.jpg */; };
		901E9483182BFD2B0048C761 /* LMSHeaderMapView.m in Sources */ = {isa = PBXBuildFile; fileRef = 901E9479182BFD2B0048C761 /* LMSHeaderMapView.m */; };
		901E9484182BFD2B0048C761 /* LMSMapBaseView.m in Sources */ = {isa = PBXBuildFile; fileRef = 901E947C182BFD2B0048C761 /* LMSMapBaseView.m */; };
		901E9485182BFD2B0048C761 /* LMSMapImageView.m in Sources */ = {isa = PBXBuildFile; fileRef = 901E947E182BFD2B0048C761 /* LMSMapImageView.m */; };
		901E9486182BFD2B0048C761 /* LMSMapViewButton.m in Sources */ = {isa = PBXBuildFile; fileRef = 901E9480182BFD2B0048C761 /* LMSMapViewButton.m */; };
		901E9487182BFD2B0048C761 /* LMSMapViewController.m in Sources */ = {isa = PBXBuildFile; fileRef = 901E9482182BFD2B0048C761 /* LMSMapViewController.m */; };
		901E94A2182BFE740048C761 /* LMSMapView.m in Sources */ = {isa = PBXBuildFile; fileRef = 901E94A0182BFE740048C761 /* LMSMapView.m */; };
		901E94A6182BFEC30048C761 /* UIFont+AppFont.m in Sources */ = {isa = PBXBuildFile; fileRef = 901E94A5182BFEC30048C761 /* UIFont+AppFont.m */; };
		901E94A9182BFEE20048C761 /* UIColor+AppColor.m in Sources */ = {isa = PBXBuildFile; fileRef = 901E94A8182BFEE20048C761 /* UIColor+AppColor.m */; };
		901E94AC182BFFB60048C761 /* LMSStickerCollectionView.m in Sources */ = {isa = PBXBuildFile; fileRef = 901E94AB182BFFB60048C761 /* LMSStickerCollectionView.m */; };
		901E94AF182BFFE50048C761 /* LMSAnnotationView.m in Sources */ = {isa = PBXBuildFile; fileRef = 901E94AE182BFFE50048C761 /* LMSAnnotationView.m */; };
		901E94B2182C001D0048C761 /* LMSMapCollectionViewCell.m in Sources */ = {isa = PBXBuildFile; fileRef = 901E94B1182C001D0048C761 /* LMSMapCollectionViewCell.m */; };
		901E94B7182C00A50048C761 /* LMSLocation.m in Sources */ = {isa = PBXBuildFile; fileRef = 901E94B6182C00A50048C761 /* LMSLocation.m */; };
		901E94BC182C00C20048C761 /* LMSSticker.m in Sources */ = {isa = PBXBuildFile; fileRef = 901E94BB182C00C20048C761 /* LMSSticker.m */; };
		901E94C0182C011E0048C761 /* LMSStickerConfiguration.m in Sources */ = {isa = PBXBuildFile; fileRef = 901E94BF182C011E0048C761 /* LMSStickerConfiguration.m */; };
		901E94C3182C02290048C761 /* LMSAnnotation.m in Sources */ = {isa = PBXBuildFile; fileRef = 901E94C2182C02290048C761 /* LMSAnnotation.m */; };
		901E94C8182C03070048C761 /* WebSocketManager.m in Sources */ = {isa = PBXBuildFile; fileRef = 901E94C7182C03070048C761 /* WebSocketManager.m */; };
		901E94CB182C03420048C761 /* LMSSticker+Manager.m in Sources */ = {isa = PBXBuildFile; fileRef = 901E94CA182C03420048C761 /* LMSSticker+Manager.m */; };
		901E94CE182C08380048C761 /* NSDate+AppDate.m in Sources */ = {isa = PBXBuildFile; fileRef = 901E94CD182C08380048C761 /* NSDate+AppDate.m */; };
		901E94D1182C09110048C761 /* LMSLocation+Manager.m in Sources */ = {isa = PBXBuildFile; fileRef = 901E94D0182C09110048C761 /* LMSLocation+Manager.m */; };
		901E94D4182C0CCB0048C761 /* LMSStickerConfiguration+Manager.m in Sources */ = {isa = PBXBuildFile; fileRef = 901E94D3182C0CCB0048C761 /* LMSStickerConfiguration+Manager.m */; };
		901E94D7182C20660048C761 /* LMSViewController.m in Sources */ = {isa = PBXBuildFile; fileRef = 901E94D6182C20660048C761 /* LMSViewController.m */; };
		901E94DB182C21B40048C761 /* LMSTableViewController.m in Sources */ = {isa = PBXBuildFile; fileRef = 901E94DA182C21B40048C761 /* LMSTableViewController.m */; };
		901E94E3182C30A00048C761 /* StickerCell.m in Sources */ = {isa = PBXBuildFile; fileRef = 901E94E0182C30A00048C761 /* StickerCell.m */; };
		901E94E4182C30A00048C761 /* StickersTableViewController.m in Sources */ = {isa = PBXBuildFile; fileRef = 901E94E2182C30A00048C761 /* StickersTableViewController.m */; };
		901E94E8182C30C70048C761 /* StickerDetailViewController.m in Sources */ = {isa = PBXBuildFile; fileRef = 901E94E7182C30C70048C761 /* StickerDetailViewController.m */; };
		901E94EC182C30F00048C761 /* StickerAddingTableViewController.m in Sources */ = {isa = PBXBuildFile; fileRef = 901E94EB182C30F00048C761 /* StickerAddingTableViewController.m */; };
		901E94F0182C31370048C761 /* StickerEditingViewController.m in Sources */ = {isa = PBXBuildFile; fileRef = 901E94EF182C31370048C761 /* StickerEditingViewController.m */; };
		901E94F7182C37070048C761 /* FollowedStickerCell.m in Sources */ = {isa = PBXBuildFile; fileRef = 901E94F4182C37070048C761 /* FollowedStickerCell.m */; };
		901E94F8182C37070048C761 /* FollowedStickersViewController.m in Sources */ = {isa = PBXBuildFile; fileRef = 901E94F6182C37070048C761 /* FollowedStickersViewController.m */; };
		901E94FE182C37290048C761 /* HistoriesViewController.m in Sources */ = {isa = PBXBuildFile; fileRef = 901E94FB182C37290048C761 /* HistoriesViewController.m */; };
		901E94FF182C37290048C761 /* HistoryCell.m in Sources */ = {isa = PBXBuildFile; fileRef = 901E94FD182C37290048C761 /* HistoryCell.m */; };
		901E9502182C37430048C761 /* UserTableViewController.mm in Sources */ = {isa = PBXBuildFile; fileRef = 901E9501182C37430048C761 /* UserTableViewController.mm */; };
		901E9506182C376A0048C761 /* AccountViewController.m in Sources */ = {isa = PBXBuildFile; fileRef = 901E9505182C376A0048C761 /* AccountViewController.m */; };
		901E950A182C379E0048C761 /* SettingsViewController.m in Sources */ = {isa = PBXBuildFile; fileRef = 901E9509182C379E0048C761 /* SettingsViewController.m */; };
		901E950D182C37BF0048C761 /* CustomCell.m in Sources */ = {isa = PBXBuildFile; fileRef = 901E950C182C37BF0048C761 /* CustomCell.m */; };
		901E9511182C67EF0048C761 /* LMSAPIManager.m in Sources */ = {isa = PBXBuildFile; fileRef = 901E9510182C67EF0048C761 /* LMSAPIManager.m */; };
		901E9514182C6B9D0048C761 /* UIViewController+Extension.m in Sources */ = {isa = PBXBuildFile; fileRef = 901E9513182C6B9D0048C761 /* UIViewController+Extension.m */; };
		901E9518182C6CD10048C761 /* AppParameters.m in Sources */ = {isa = PBXBuildFile; fileRef = 901E9517182C6CD10048C761 /* AppParameters.m */; };
		901E951A182C6D470048C761 /* lms.json in Resources */ = {isa = PBXBuildFile; fileRef = 901E9519182C6D470048C761 /* lms.json */; };
		901E951E182C6E020048C761 /* AnalyticsManager.m in Sources */ = {isa = PBXBuildFile; fileRef = 901E951D182C6E020048C761 /* AnalyticsManager.m */; };
		901E9521182C6F9B0048C761 /* UITextField+Extended.m in Sources */ = {isa = PBXBuildFile; fileRef = 901E9520182C6F9B0048C761 /* UITextField+Extended.m */; };
		901E9524182C70820048C761 /* NSDictionary+QueryString.m in Sources */ = {isa = PBXBuildFile; fileRef = 901E9523182C70820048C761 /* NSDictionary+QueryString.m */; };
		901E9527182C71970048C761 /* NSString+QueryString.m in Sources */ = {isa = PBXBuildFile; fileRef = 901E9526182C71970048C761 /* NSString+QueryString.m */; };
		901E952C182C720D0048C761 /* Account.m in Sources */ = {isa = PBXBuildFile; fileRef = 901E952B182C720D0048C761 /* Account.m */; };
		901E952F182C721C0048C761 /* Account+Manager.m in Sources */ = {isa = PBXBuildFile; fileRef = 901E952E182C721C0048C761 /* Account+Manager.m */; };
		901E9532182C722B0048C761 /* History.m in Sources */ = {isa = PBXBuildFile; fileRef = 901E9531182C722B0048C761 /* History.m */; };
		901E9535182C72370048C761 /* History+Manager.m in Sources */ = {isa = PBXBuildFile; fileRef = 901E9534182C72370048C761 /* History+Manager.m */; };
		901E9539182C7D340048C761 /* OperationManager.m in Sources */ = {isa = PBXBuildFile; fileRef = 901E9538182C7D340048C761 /* OperationManager.m */; };
		901E953D182C81180048C761 /* Parameters.m in Sources */ = {isa = PBXBuildFile; fileRef = 901E953C182C81180048C761 /* Parameters.m */; };
		901E9543182C90AE0048C761 /* NetworkKeys.m in Sources */ = {isa = PBXBuildFile; fileRef = 901E9542182C90AE0048C761 /* NetworkKeys.m */; };
		901E9546182C9E170048C761 /* Languages.m in Sources */ = {isa = PBXBuildFile; fileRef = 901E9545182C9E170048C761 /* Languages.m */; };
		901E9549182C9EEB0048C761 /* Pages.m in Sources */ = {isa = PBXBuildFile; fileRef = 901E9548182C9EEB0048C761 /* Pages.m */; };
		901E954C182C9F9D0048C761 /* Descriptions.m in Sources */ = {isa = PBXBuildFile; fileRef = 901E954B182C9F9D0048C761 /* Descriptions.m */; };
		901E9550182C9FE00048C761 /* KeyWords.m in Sources */ = {isa = PBXBuildFile; fileRef = 901E954F182C9FE00048C761 /* KeyWords.m */; };
		90F4DDC5182D0B6B007CD66B /* lato-black.ttf in Resources */ = {isa = PBXBuildFile; fileRef = 90F4DDBB182D0B6B007CD66B /* lato-black.ttf */; };
		90F4DDC6182D0B6B007CD66B /* lato-blackitalic.ttf in Resources */ = {isa = PBXBuildFile; fileRef = 90F4DDBC182D0B6B007CD66B /* lato-blackitalic.ttf */; };
		90F4DDC7182D0B6B007CD66B /* lato-bold.ttf in Resources */ = {isa = PBXBuildFile; fileRef = 90F4DDBD182D0B6B007CD66B /* lato-bold.ttf */; };
		90F4DDC8182D0B6B007CD66B /* lato-bolditalic.ttf in Resources */ = {isa = PBXBuildFile; fileRef = 90F4DDBE182D0B6B007CD66B /* lato-bolditalic.ttf */; };
		90F4DDC9182D0B6B007CD66B /* lato-hairline.ttf in Resources */ = {isa = PBXBuildFile; fileRef = 90F4DDBF182D0B6B007CD66B /* lato-hairline.ttf */; };
		90F4DDCA182D0B6B007CD66B /* lato-hairlineitalic.ttf in Resources */ = {isa = PBXBuildFile; fileRef = 90F4DDC0182D0B6B007CD66B /* lato-hairlineitalic.ttf */; };
		90F4DDCB182D0B6B007CD66B /* lato-italic.ttf in Resources */ = {isa = PBXBuildFile; fileRef = 90F4DDC1182D0B6B007CD66B /* lato-italic.ttf */; };
		90F4DDCC182D0B6B007CD66B /* lato-light.ttf in Resources */ = {isa = PBXBuildFile; fileRef = 90F4DDC2182D0B6B007CD66B /* lato-light.ttf */; };
		90F4DDCD182D0B6B007CD66B /* lato-lightitalic.ttf in Resources */ = {isa = PBXBuildFile; fileRef = 90F4DDC3182D0B6B007CD66B /* lato-lightitalic.ttf */; };
		90F4DDCE182D0B6B007CD66B /* lato-regular.ttf in Resources */ = {isa = PBXBuildFile; fileRef = 90F4DDC4182D0B6B007CD66B /* lato-regular.ttf */; };
/* End PBXBuildFile section */

/* Begin PBXContainerItemProxy section */
		901E944C182BF7720048C761 /* PBXContainerItemProxy */ = {
			isa = PBXContainerItemProxy;
			containerPortal = 901E941B182BF7710048C761 /* Project object */;
			proxyType = 1;
			remoteGlobalIDString = 901E9422182BF7710048C761;
			remoteInfo = LMS;
		};
/* End PBXContainerItemProxy section */

/* Begin PBXFileReference section */
		901E9423182BF7710048C761 /* LMS.app */ = {isa = PBXFileReference; explicitFileType = wrapper.application; includeInIndex = 0; path = LMS.app; sourceTree = BUILT_PRODUCTS_DIR; };
		901E9426182BF7710048C761 /* Foundation.framework */ = {isa = PBXFileReference; lastKnownFileType = wrapper.framework; name = Foundation.framework; path = System/Library/Frameworks/Foundation.framework; sourceTree = SDKROOT; };
		901E9428182BF7710048C761 /* CoreGraphics.framework */ = {isa = PBXFileReference; lastKnownFileType = wrapper.framework; name = CoreGraphics.framework; path = System/Library/Frameworks/CoreGraphics.framework; sourceTree = SDKROOT; };
		901E942A182BF7710048C761 /* UIKit.framework */ = {isa = PBXFileReference; lastKnownFileType = wrapper.framework; name = UIKit.framework; path = System/Library/Frameworks/UIKit.framework; sourceTree = SDKROOT; };
		901E942E182BF7710048C761 /* LMS-Info.plist */ = {isa = PBXFileReference; lastKnownFileType = text.plist.xml; path = "LMS-Info.plist"; sourceTree = "<group>"; };
		901E9430182BF7710048C761 /* en */ = {isa = PBXFileReference; lastKnownFileType = text.plist.strings; name = en; path = en.lproj/InfoPlist.strings; sourceTree = "<group>"; };
		901E9432182BF7710048C761 /* main.m */ = {isa = PBXFileReference; lastKnownFileType = sourcecode.c.objc; path = main.m; sourceTree = "<group>"; };
		901E9434182BF7710048C761 /* LMS-Prefix.pch */ = {isa = PBXFileReference; lastKnownFileType = sourcecode.c.h; path = "LMS-Prefix.pch"; sourceTree = "<group>"; };
		901E9435182BF7710048C761 /* AppDelegate.h */ = {isa = PBXFileReference; lastKnownFileType = sourcecode.c.h; path = AppDelegate.h; sourceTree = "<group>"; };
		901E9436182BF7710048C761 /* AppDelegate.m */ = {isa = PBXFileReference; lastKnownFileType = sourcecode.c.objc; path = AppDelegate.m; sourceTree = "<group>"; };
		901E9439182BF7710048C761 /* Base */ = {isa = PBXFileReference; lastKnownFileType = file.storyboard; name = Base; path = Base.lproj/Main_iPhone.storyboard; sourceTree = "<group>"; };
		901E943C182BF7710048C761 /* Base */ = {isa = PBXFileReference; lastKnownFileType = file.storyboard; name = Base; path = Base.lproj/Main_iPad.storyboard; sourceTree = "<group>"; };
		901E9447182BF7720048C761 /* LMSTests.xctest */ = {isa = PBXFileReference; explicitFileType = wrapper.cfbundle; includeInIndex = 0; path = LMSTests.xctest; sourceTree = BUILT_PRODUCTS_DIR; };
		901E9448182BF7720048C761 /* XCTest.framework */ = {isa = PBXFileReference; lastKnownFileType = wrapper.framework; name = XCTest.framework; path = Library/Frameworks/XCTest.framework; sourceTree = DEVELOPER_DIR; };
		901E9450182BF7720048C761 /* LMSTests-Info.plist */ = {isa = PBXFileReference; lastKnownFileType = text.plist.xml; path = "LMSTests-Info.plist"; sourceTree = "<group>"; };
		901E9452182BF7720048C761 /* en */ = {isa = PBXFileReference; lastKnownFileType = text.plist.strings; name = en; path = en.lproj/InfoPlist.strings; sourceTree = "<group>"; };
		901E9454182BF7720048C761 /* LMSTests.m */ = {isa = PBXFileReference; lastKnownFileType = sourcecode.c.objc; path = LMSTests.m; sourceTree = "<group>"; };
		901E9460182BF9C30048C761 /* LMSHomeViewController.h */ = {isa = PBXFileReference; fileEncoding = 4; lastKnownFileType = sourcecode.c.h; path = LMSHomeViewController.h; sourceTree = "<group>"; };
		901E9461182BF9C30048C761 /* LMSHomeViewController.m */ = {isa = PBXFileReference; fileEncoding = 4; lastKnownFileType = sourcecode.c.objc; path = LMSHomeViewController.m; sourceTree = "<group>"; };
		901E9462182BF9C30048C761 /* LMSMenuViewController.h */ = {isa = PBXFileReference; fileEncoding = 4; lastKnownFileType = sourcecode.c.h; path = LMSMenuViewController.h; sourceTree = "<group>"; };
		901E9463182BF9C30048C761 /* LMSMenuViewController.mm */ = {isa = PBXFileReference; fileEncoding = 4; lastKnownFileType = sourcecode.cpp.objcpp; path = LMSMenuViewController.mm; sourceTree = "<group>"; };
		901E9464182BF9C30048C761 /* LMSNavigationController.h */ = {isa = PBXFileReference; fileEncoding = 4; lastKnownFileType = sourcecode.c.h; path = LMSNavigationController.h; sourceTree = "<group>"; };
		901E9465182BF9C30048C761 /* LMSNavigationController.m */ = {isa = PBXFileReference; fileEncoding = 4; lastKnownFileType = sourcecode.c.objc; path = LMSNavigationController.m; sourceTree = "<group>"; };
		901E9466182BF9C30048C761 /* LMSRootViewController.h */ = {isa = PBXFileReference; fileEncoding = 4; lastKnownFileType = sourcecode.c.h; path = LMSRootViewController.h; sourceTree = "<group>"; };
		901E9467182BF9C30048C761 /* LMSRootViewController.m */ = {isa = PBXFileReference; fileEncoding = 4; lastKnownFileType = sourcecode.c.objc; path = LMSRootViewController.m; sourceTree = "<group>"; };
		901E9468182BF9C30048C761 /* LMSSecondViewController.h */ = {isa = PBXFileReference; fileEncoding = 4; lastKnownFileType = sourcecode.c.h; path = LMSSecondViewController.h; sourceTree = "<group>"; };
		901E9469182BF9C30048C761 /* LMSSecondViewController.m */ = {isa = PBXFileReference; fileEncoding = 4; lastKnownFileType = sourcecode.c.objc; path = LMSSecondViewController.m; sourceTree = "<group>"; };
		901E946F182BFA2A0048C761 /* Images.xcassets */ = {isa = PBXFileReference; lastKnownFileType = folder.assetcatalog; path = Images.xcassets; sourceTree = "<group>"; };
		901E9475182BFC3E0048C761 /* avatar@2x.jpg */ = {isa = PBXFileReference; lastKnownFileType = image.jpeg; path = "avatar@2x.jpg"; sourceTree = "<group>"; };
		901E9478182BFD2B0048C761 /* LMSHeaderMapView.h */ = {isa = PBXFileReference; fileEncoding = 4; lastKnownFileType = sourcecode.c.h; path = LMSHeaderMapView.h; sourceTree = "<group>"; };
		901E9479182BFD2B0048C761 /* LMSHeaderMapView.m */ = {isa = PBXFileReference; fileEncoding = 4; lastKnownFileType = sourcecode.c.objc; path = LMSHeaderMapView.m; sourceTree = "<group>"; };
		901E947A182BFD2B0048C761 /* LMSHeaderMapViewDelegate.h */ = {isa = PBXFileReference; fileEncoding = 4; lastKnownFileType = sourcecode.c.h; path = LMSHeaderMapViewDelegate.h; sourceTree = "<group>"; };
		901E947B182BFD2B0048C761 /* LMSMapBaseView.h */ = {isa = PBXFileReference; fileEncoding = 4; lastKnownFileType = sourcecode.c.h; path = LMSMapBaseView.h; sourceTree = "<group>"; };
		901E947C182BFD2B0048C761 /* LMSMapBaseView.m */ = {isa = PBXFileReference; fileEncoding = 4; lastKnownFileType = sourcecode.c.objc; path = LMSMapBaseView.m; sourceTree = "<group>"; };
		901E947D182BFD2B0048C761 /* LMSMapImageView.h */ = {isa = PBXFileReference; fileEncoding = 4; lastKnownFileType = sourcecode.c.h; path = LMSMapImageView.h; sourceTree = "<group>"; };
		901E947E182BFD2B0048C761 /* LMSMapImageView.m */ = {isa = PBXFileReference; fileEncoding = 4; lastKnownFileType = sourcecode.c.objc; path = LMSMapImageView.m; sourceTree = "<group>"; };
		901E947F182BFD2B0048C761 /* LMSMapViewButton.h */ = {isa = PBXFileReference; fileEncoding = 4; lastKnownFileType = sourcecode.c.h; path = LMSMapViewButton.h; sourceTree = "<group>"; };
		901E9480182BFD2B0048C761 /* LMSMapViewButton.m */ = {isa = PBXFileReference; fileEncoding = 4; lastKnownFileType = sourcecode.c.objc; path = LMSMapViewButton.m; sourceTree = "<group>"; };
		901E9481182BFD2B0048C761 /* LMSMapViewController.h */ = {isa = PBXFileReference; fileEncoding = 4; lastKnownFileType = sourcecode.c.h; path = LMSMapViewController.h; sourceTree = "<group>"; };
		901E9482182BFD2B0048C761 /* LMSMapViewController.m */ = {isa = PBXFileReference; fileEncoding = 4; lastKnownFileType = sourcecode.c.objc; path = LMSMapViewController.m; sourceTree = "<group>"; };
		901E949F182BFE740048C761 /* LMSMapView.h */ = {isa = PBXFileReference; fileEncoding = 4; lastKnownFileType = sourcecode.c.h; path = LMSMapView.h; sourceTree = "<group>"; };
		901E94A0182BFE740048C761 /* LMSMapView.m */ = {isa = PBXFileReference; fileEncoding = 4; lastKnownFileType = sourcecode.c.objc; path = LMSMapView.m; sourceTree = "<group>"; };
		901E94A1182BFE740048C761 /* LMSMapViewProtocol.h */ = {isa = PBXFileReference; fileEncoding = 4; lastKnownFileType = sourcecode.c.h; path = LMSMapViewProtocol.h; sourceTree = "<group>"; };
		901E94A4182BFEC30048C761 /* UIFont+AppFont.h */ = {isa = PBXFileReference; fileEncoding = 4; lastKnownFileType = sourcecode.c.h; path = "UIFont+AppFont.h"; sourceTree = "<group>"; };
		901E94A5182BFEC30048C761 /* UIFont+AppFont.m */ = {isa = PBXFileReference; fileEncoding = 4; lastKnownFileType = sourcecode.c.objc; path = "UIFont+AppFont.m"; sourceTree = "<group>"; };
		901E94A7182BFEE20048C761 /* UIColor+AppColor.h */ = {isa = PBXFileReference; fileEncoding = 4; lastKnownFileType = sourcecode.c.h; path = "UIColor+AppColor.h"; sourceTree = "<group>"; };
		901E94A8182BFEE20048C761 /* UIColor+AppColor.m */ = {isa = PBXFileReference; fileEncoding = 4; lastKnownFileType = sourcecode.c.objc; path = "UIColor+AppColor.m"; sourceTree = "<group>"; };
		901E94AA182BFFB60048C761 /* LMSStickerCollectionView.h */ = {isa = PBXFileReference; fileEncoding = 4; lastKnownFileType = sourcecode.c.h; path = LMSStickerCollectionView.h; sourceTree = "<group>"; };
		901E94AB182BFFB60048C761 /* LMSStickerCollectionView.m */ = {isa = PBXFileReference; fileEncoding = 4; lastKnownFileType = sourcecode.c.objc; path = LMSStickerCollectionView.m; sourceTree = "<group>"; };
		901E94AD182BFFE50048C761 /* LMSAnnotationView.h */ = {isa = PBXFileReference; fileEncoding = 4; lastKnownFileType = sourcecode.c.h; path = LMSAnnotationView.h; sourceTree = "<group>"; };
		901E94AE182BFFE50048C761 /* LMSAnnotationView.m */ = {isa = PBXFileReference; fileEncoding = 4; lastKnownFileType = sourcecode.c.objc; path = LMSAnnotationView.m; sourceTree = "<group>"; };
		901E94B0182C001D0048C761 /* LMSMapCollectionViewCell.h */ = {isa = PBXFileReference; fileEncoding = 4; lastKnownFileType = sourcecode.c.h; path = LMSMapCollectionViewCell.h; sourceTree = "<group>"; };
		901E94B1182C001D0048C761 /* LMSMapCollectionViewCell.m */ = {isa = PBXFileReference; fileEncoding = 4; lastKnownFileType = sourcecode.c.objc; path = LMSMapCollectionViewCell.m; sourceTree = "<group>"; };
		901E94B5182C00A50048C761 /* LMSLocation.h */ = {isa = PBXFileReference; fileEncoding = 4; lastKnownFileType = sourcecode.c.h; path = LMSLocation.h; sourceTree = "<group>"; };
		901E94B6182C00A50048C761 /* LMSLocation.m */ = {isa = PBXFileReference; fileEncoding = 4; lastKnownFileType = sourcecode.c.objc; path = LMSLocation.m; sourceTree = "<group>"; };
		901E94BA182C00C20048C761 /* LMSSticker.h */ = {isa = PBXFileReference; fileEncoding = 4; lastKnownFileType = sourcecode.c.h; path = LMSSticker.h; sourceTree = "<group>"; };
		901E94BB182C00C20048C761 /* LMSSticker.m */ = {isa = PBXFileReference; fileEncoding = 4; lastKnownFileType = sourcecode.c.objc; path = LMSSticker.m; sourceTree = "<group>"; };
		901E94BE182C011E0048C761 /* LMSStickerConfiguration.h */ = {isa = PBXFileReference; fileEncoding = 4; lastKnownFileType = sourcecode.c.h; path = LMSStickerConfiguration.h; sourceTree = "<group>"; };
		901E94BF182C011E0048C761 /* LMSStickerConfiguration.m */ = {isa = PBXFileReference; fileEncoding = 4; lastKnownFileType = sourcecode.c.objc; path = LMSStickerConfiguration.m; sourceTree = "<group>"; };
		901E94C1182C02290048C761 /* LMSAnnotation.h */ = {isa = PBXFileReference; fileEncoding = 4; lastKnownFileType = sourcecode.c.h; path = LMSAnnotation.h; sourceTree = "<group>"; };
		901E94C2182C02290048C761 /* LMSAnnotation.m */ = {isa = PBXFileReference; fileEncoding = 4; lastKnownFileType = sourcecode.c.objc; path = LMSAnnotation.m; sourceTree = "<group>"; };
		901E94C6182C03070048C761 /* WebSocketManager.h */ = {isa = PBXFileReference; fileEncoding = 4; lastKnownFileType = sourcecode.c.h; path = WebSocketManager.h; sourceTree = "<group>"; };
		901E94C7182C03070048C761 /* WebSocketManager.m */ = {isa = PBXFileReference; fileEncoding = 4; lastKnownFileType = sourcecode.c.objc; path = WebSocketManager.m; sourceTree = "<group>"; };
		901E94C9182C03420048C761 /* LMSSticker+Manager.h */ = {isa = PBXFileReference; fileEncoding = 4; lastKnownFileType = sourcecode.c.h; path = "LMSSticker+Manager.h"; sourceTree = "<group>"; };
		901E94CA182C03420048C761 /* LMSSticker+Manager.m */ = {isa = PBXFileReference; fileEncoding = 4; lastKnownFileType = sourcecode.c.objc; path = "LMSSticker+Manager.m"; sourceTree = "<group>"; };
		901E94CC182C08380048C761 /* NSDate+AppDate.h */ = {isa = PBXFileReference; fileEncoding = 4; lastKnownFileType = sourcecode.c.h; path = "NSDate+AppDate.h"; sourceTree = "<group>"; };
		901E94CD182C08380048C761 /* NSDate+AppDate.m */ = {isa = PBXFileReference; fileEncoding = 4; lastKnownFileType = sourcecode.c.objc; path = "NSDate+AppDate.m"; sourceTree = "<group>"; };
		901E94CF182C09110048C761 /* LMSLocation+Manager.h */ = {isa = PBXFileReference; fileEncoding = 4; lastKnownFileType = sourcecode.c.h; path = "LMSLocation+Manager.h"; sourceTree = "<group>"; };
		901E94D0182C09110048C761 /* LMSLocation+Manager.m */ = {isa = PBXFileReference; fileEncoding = 4; lastKnownFileType = sourcecode.c.objc; path = "LMSLocation+Manager.m"; sourceTree = "<group>"; };
		901E94D2182C0CCB0048C761 /* LMSStickerConfiguration+Manager.h */ = {isa = PBXFileReference; fileEncoding = 4; lastKnownFileType = sourcecode.c.h; path = "LMSStickerConfiguration+Manager.h"; sourceTree = "<group>"; };
		901E94D3182C0CCB0048C761 /* LMSStickerConfiguration+Manager.m */ = {isa = PBXFileReference; fileEncoding = 4; lastKnownFileType = sourcecode.c.objc; path = "LMSStickerConfiguration+Manager.m"; sourceTree = "<group>"; };
		901E94D5182C20660048C761 /* LMSViewController.h */ = {isa = PBXFileReference; fileEncoding = 4; lastKnownFileType = sourcecode.c.h; path = LMSViewController.h; sourceTree = "<group>"; };
		901E94D6182C20660048C761 /* LMSViewController.m */ = {isa = PBXFileReference; fileEncoding = 4; lastKnownFileType = sourcecode.c.objc; path = LMSViewController.m; sourceTree = "<group>"; };
		901E94D9182C21B40048C761 /* LMSTableViewController.h */ = {isa = PBXFileReference; fileEncoding = 4; lastKnownFileType = sourcecode.c.h; path = LMSTableViewController.h; sourceTree = "<group>"; };
		901E94DA182C21B40048C761 /* LMSTableViewController.m */ = {isa = PBXFileReference; fileEncoding = 4; lastKnownFileType = sourcecode.c.objc; path = LMSTableViewController.m; sourceTree = "<group>"; };
		901E94DF182C30A00048C761 /* StickerCell.h */ = {isa = PBXFileReference; fileEncoding = 4; lastKnownFileType = sourcecode.c.h; path = StickerCell.h; sourceTree = "<group>"; };
		901E94E0182C30A00048C761 /* StickerCell.m */ = {isa = PBXFileReference; fileEncoding = 4; lastKnownFileType = sourcecode.c.objc; path = StickerCell.m; sourceTree = "<group>"; };
		901E94E1182C30A00048C761 /* StickersTableViewController.h */ = {isa = PBXFileReference; fileEncoding = 4; lastKnownFileType = sourcecode.c.h; path = StickersTableViewController.h; sourceTree = "<group>"; };
		901E94E2182C30A00048C761 /* StickersTableViewController.m */ = {isa = PBXFileReference; fileEncoding = 4; lastKnownFileType = sourcecode.c.objc; path = StickersTableViewController.m; sourceTree = "<group>"; };
		901E94E6182C30C70048C761 /* StickerDetailViewController.h */ = {isa = PBXFileReference; fileEncoding = 4; lastKnownFileType = sourcecode.c.h; path = StickerDetailViewController.h; sourceTree = "<group>"; };
		901E94E7182C30C70048C761 /* StickerDetailViewController.m */ = {isa = PBXFileReference; fileEncoding = 4; lastKnownFileType = sourcecode.c.objc; path = StickerDetailViewController.m; sourceTree = "<group>"; };
		901E94EA182C30F00048C761 /* StickerAddingTableViewController.h */ = {isa = PBXFileReference; fileEncoding = 4; lastKnownFileType = sourcecode.c.h; path = StickerAddingTableViewController.h; sourceTree = "<group>"; };
		901E94EB182C30F00048C761 /* StickerAddingTableViewController.m */ = {isa = PBXFileReference; fileEncoding = 4; lastKnownFileType = sourcecode.c.objc; path = StickerAddingTableViewController.m; sourceTree = "<group>"; };
		901E94EE182C31370048C761 /* StickerEditingViewController.h */ = {isa = PBXFileReference; fileEncoding = 4; lastKnownFileType = sourcecode.c.h; path = StickerEditingViewController.h; sourceTree = "<group>"; };
		901E94EF182C31370048C761 /* StickerEditingViewController.m */ = {isa = PBXFileReference; fileEncoding = 4; lastKnownFileType = sourcecode.c.objc; path = StickerEditingViewController.m; sourceTree = "<group>"; };
		901E94F3182C37070048C761 /* FollowedStickerCell.h */ = {isa = PBXFileReference; fileEncoding = 4; lastKnownFileType = sourcecode.c.h; path = FollowedStickerCell.h; sourceTree = "<group>"; };
		901E94F4182C37070048C761 /* FollowedStickerCell.m */ = {isa = PBXFileReference; fileEncoding = 4; lastKnownFileType = sourcecode.c.objc; path = FollowedStickerCell.m; sourceTree = "<group>"; };
		901E94F5182C37070048C761 /* FollowedStickersViewController.h */ = {isa = PBXFileReference; fileEncoding = 4; lastKnownFileType = sourcecode.c.h; path = FollowedStickersViewController.h; sourceTree = "<group>"; };
		901E94F6182C37070048C761 /* FollowedStickersViewController.m */ = {isa = PBXFileReference; fileEncoding = 4; lastKnownFileType = sourcecode.c.objc; path = FollowedStickersViewController.m; sourceTree = "<group>"; };
		901E94FA182C37290048C761 /* HistoriesViewController.h */ = {isa = PBXFileReference; fileEncoding = 4; lastKnownFileType = sourcecode.c.h; path = HistoriesViewController.h; sourceTree = "<group>"; };
		901E94FB182C37290048C761 /* HistoriesViewController.m */ = {isa = PBXFileReference; fileEncoding = 4; lastKnownFileType = sourcecode.c.objc; path = HistoriesViewController.m; sourceTree = "<group>"; };
		901E94FC182C37290048C761 /* HistoryCell.h */ = {isa = PBXFileReference; fileEncoding = 4; lastKnownFileType = sourcecode.c.h; path = HistoryCell.h; sourceTree = "<group>"; };
		901E94FD182C37290048C761 /* HistoryCell.m */ = {isa = PBXFileReference; fileEncoding = 4; lastKnownFileType = sourcecode.c.objc; path = HistoryCell.m; sourceTree = "<group>"; };
		901E9500182C37430048C761 /* UserTableViewController.h */ = {isa = PBXFileReference; fileEncoding = 4; lastKnownFileType = sourcecode.c.h; path = UserTableViewController.h; sourceTree = "<group>"; };
		901E9501182C37430048C761 /* UserTableViewController.mm */ = {isa = PBXFileReference; fileEncoding = 4; lastKnownFileType = sourcecode.cpp.objcpp; path = UserTableViewController.mm; sourceTree = "<group>"; };
		901E9504182C376A0048C761 /* AccountViewController.h */ = {isa = PBXFileReference; fileEncoding = 4; lastKnownFileType = sourcecode.c.h; path = AccountViewController.h; sourceTree = "<group>"; };
		901E9505182C376A0048C761 /* AccountViewController.m */ = {isa = PBXFileReference; fileEncoding = 4; lastKnownFileType = sourcecode.c.objc; path = AccountViewController.m; sourceTree = "<group>"; };
		901E9508182C379E0048C761 /* SettingsViewController.h */ = {isa = PBXFileReference; fileEncoding = 4; lastKnownFileType = sourcecode.c.h; path = SettingsViewController.h; sourceTree = "<group>"; };
		901E9509182C379E0048C761 /* SettingsViewController.m */ = {isa = PBXFileReference; fileEncoding = 4; lastKnownFileType = sourcecode.c.objc; path = SettingsViewController.m; sourceTree = "<group>"; };
		901E950B182C37BF0048C761 /* CustomCell.h */ = {isa = PBXFileReference; fileEncoding = 4; lastKnownFileType = sourcecode.c.h; path = CustomCell.h; sourceTree = "<group>"; };
		901E950C182C37BF0048C761 /* CustomCell.m */ = {isa = PBXFileReference; fileEncoding = 4; lastKnownFileType = sourcecode.c.objc; path = CustomCell.m; sourceTree = "<group>"; };
		901E950F182C67EF0048C761 /* LMSAPIManager.h */ = {isa = PBXFileReference; fileEncoding = 4; lastKnownFileType = sourcecode.c.h; path = LMSAPIManager.h; sourceTree = "<group>"; };
		901E9510182C67EF0048C761 /* LMSAPIManager.m */ = {isa = PBXFileReference; fileEncoding = 4; lastKnownFileType = sourcecode.c.objc; path = LMSAPIManager.m; sourceTree = "<group>"; };
		901E9512182C6B9D0048C761 /* UIViewController+Extension.h */ = {isa = PBXFileReference; fileEncoding = 4; lastKnownFileType = sourcecode.c.h; path = "UIViewController+Extension.h"; sourceTree = "<group>"; };
		901E9513182C6B9D0048C761 /* UIViewController+Extension.m */ = {isa = PBXFileReference; fileEncoding = 4; lastKnownFileType = sourcecode.c.objc; path = "UIViewController+Extension.m"; sourceTree = "<group>"; };
		901E9516182C6CD10048C761 /* AppParameters.h */ = {isa = PBXFileReference; fileEncoding = 4; lastKnownFileType = sourcecode.c.h; path = AppParameters.h; sourceTree = "<group>"; };
		901E9517182C6CD10048C761 /* AppParameters.m */ = {isa = PBXFileReference; fileEncoding = 4; lastKnownFileType = sourcecode.c.objc; path = AppParameters.m; sourceTree = "<group>"; };
		901E9519182C6D470048C761 /* lms.json */ = {isa = PBXFileReference; fileEncoding = 4; lastKnownFileType = text.json; path = lms.json; sourceTree = "<group>"; };
		901E951C182C6E020048C761 /* AnalyticsManager.h */ = {isa = PBXFileReference; fileEncoding = 4; lastKnownFileType = sourcecode.c.h; path = AnalyticsManager.h; sourceTree = "<group>"; };
		901E951D182C6E020048C761 /* AnalyticsManager.m */ = {isa = PBXFileReference; fileEncoding = 4; lastKnownFileType = sourcecode.c.objc; path = AnalyticsManager.m; sourceTree = "<group>"; };
		901E951F182C6F9B0048C761 /* UITextField+Extended.h */ = {isa = PBXFileReference; fileEncoding = 4; lastKnownFileType = sourcecode.c.h; path = "UITextField+Extended.h"; sourceTree = "<group>"; };
		901E9520182C6F9B0048C761 /* UITextField+Extended.m */ = {isa = PBXFileReference; fileEncoding = 4; lastKnownFileType = sourcecode.c.objc; path = "UITextField+Extended.m"; sourceTree = "<group>"; };
		901E9522182C70820048C761 /* NSDictionary+QueryString.h */ = {isa = PBXFileReference; fileEncoding = 4; lastKnownFileType = sourcecode.c.h; path = "NSDictionary+QueryString.h"; sourceTree = "<group>"; };
		901E9523182C70820048C761 /* NSDictionary+QueryString.m */ = {isa = PBXFileReference; fileEncoding = 4; lastKnownFileType = sourcecode.c.objc; path = "NSDictionary+QueryString.m"; sourceTree = "<group>"; };
		901E9525182C71970048C761 /* NSString+QueryString.h */ = {isa = PBXFileReference; fileEncoding = 4; lastKnownFileType = sourcecode.c.h; path = "NSString+QueryString.h"; sourceTree = "<group>"; };
		901E9526182C71970048C761 /* NSString+QueryString.m */ = {isa = PBXFileReference; fileEncoding = 4; lastKnownFileType = sourcecode.c.objc; path = "NSString+QueryString.m"; sourceTree = "<group>"; };
		901E952A182C720D0048C761 /* Account.h */ = {isa = PBXFileReference; fileEncoding = 4; lastKnownFileType = sourcecode.c.h; path = Account.h; sourceTree = "<group>"; };
		901E952B182C720D0048C761 /* Account.m */ = {isa = PBXFileReference; fileEncoding = 4; lastKnownFileType = sourcecode.c.objc; path = Account.m; sourceTree = "<group>"; };
		901E952D182C721C0048C761 /* Account+Manager.h */ = {isa = PBXFileReference; fileEncoding = 4; lastKnownFileType = sourcecode.c.h; path = "Account+Manager.h"; sourceTree = "<group>"; };
		901E952E182C721C0048C761 /* Account+Manager.m */ = {isa = PBXFileReference; fileEncoding = 4; lastKnownFileType = sourcecode.c.objc; path = "Account+Manager.m"; sourceTree = "<group>"; };
		901E9530182C722B0048C761 /* History.h */ = {isa = PBXFileReference; fileEncoding = 4; lastKnownFileType = sourcecode.c.h; path = History.h; sourceTree = "<group>"; };
		901E9531182C722B0048C761 /* History.m */ = {isa = PBXFileReference; fileEncoding = 4; lastKnownFileType = sourcecode.c.objc; path = History.m; sourceTree = "<group>"; };
		901E9533182C72370048C761 /* History+Manager.h */ = {isa = PBXFileReference; fileEncoding = 4; lastKnownFileType = sourcecode.c.h; path = "History+Manager.h"; sourceTree = "<group>"; };
		901E9534182C72370048C761 /* History+Manager.m */ = {isa = PBXFileReference; fileEncoding = 4; lastKnownFileType = sourcecode.c.objc; path = "History+Manager.m"; sourceTree = "<group>"; };
		901E9537182C7D340048C761 /* OperationManager.h */ = {isa = PBXFileReference; fileEncoding = 4; lastKnownFileType = sourcecode.c.h; path = OperationManager.h; sourceTree = "<group>"; };
		901E9538182C7D340048C761 /* OperationManager.m */ = {isa = PBXFileReference; fileEncoding = 4; lastKnownFileType = sourcecode.c.objc; path = OperationManager.m; sourceTree = "<group>"; };
		901E953B182C81180048C761 /* Parameters.h */ = {isa = PBXFileReference; fileEncoding = 4; lastKnownFileType = sourcecode.c.h; path = Parameters.h; sourceTree = "<group>"; };
		901E953C182C81180048C761 /* Parameters.m */ = {isa = PBXFileReference; fileEncoding = 4; lastKnownFileType = sourcecode.c.objc; path = Parameters.m; sourceTree = "<group>"; };
		901E9541182C90AE0048C761 /* NetworkKeys.h */ = {isa = PBXFileReference; fileEncoding = 4; lastKnownFileType = sourcecode.c.h; path = NetworkKeys.h; sourceTree = "<group>"; };
		901E9542182C90AE0048C761 /* NetworkKeys.m */ = {isa = PBXFileReference; fileEncoding = 4; lastKnownFileType = sourcecode.c.objc; path = NetworkKeys.m; sourceTree = "<group>"; };
		901E9544182C9E170048C761 /* Languages.h */ = {isa = PBXFileReference; fileEncoding = 4; lastKnownFileType = sourcecode.c.h; path = Languages.h; sourceTree = "<group>"; };
		901E9545182C9E170048C761 /* Languages.m */ = {isa = PBXFileReference; fileEncoding = 4; lastKnownFileType = sourcecode.c.objc; path = Languages.m; sourceTree = "<group>"; };
		901E9547182C9EEB0048C761 /* Pages.h */ = {isa = PBXFileReference; fileEncoding = 4; lastKnownFileType = sourcecode.c.h; path = Pages.h; sourceTree = "<group>"; };
		901E9548182C9EEB0048C761 /* Pages.m */ = {isa = PBXFileReference; fileEncoding = 4; lastKnownFileType = sourcecode.c.objc; path = Pages.m; sourceTree = "<group>"; };
		901E954A182C9F9D0048C761 /* Descriptions.h */ = {isa = PBXFileReference; fileEncoding = 4; lastKnownFileType = sourcecode.c.h; path = Descriptions.h; sourceTree = "<group>"; };
		901E954B182C9F9D0048C761 /* Descriptions.m */ = {isa = PBXFileReference; fileEncoding = 4; lastKnownFileType = sourcecode.c.objc; path = Descriptions.m; sourceTree = "<group>"; };
		901E954E182C9FE00048C761 /* KeyWords.h */ = {isa = PBXFileReference; fileEncoding = 4; lastKnownFileType = sourcecode.c.h; path = KeyWords.h; sourceTree = "<group>"; };
		901E954F182C9FE00048C761 /* KeyWords.m */ = {isa = PBXFileReference; fileEncoding = 4; lastKnownFileType = sourcecode.c.objc; path = KeyWords.m; sourceTree = "<group>"; };
		90F4DDBB182D0B6B007CD66B /* lato-black.ttf */ = {isa = PBXFileReference; lastKnownFileType = file; path = "lato-black.ttf"; sourceTree = "<group>"; };
		90F4DDBC182D0B6B007CD66B /* lato-blackitalic.ttf */ = {isa = PBXFileReference; lastKnownFileType = file; path = "lato-blackitalic.ttf"; sourceTree = "<group>"; };
		90F4DDBD182D0B6B007CD66B /* lato-bold.ttf */ = {isa = PBXFileReference; lastKnownFileType = file; path = "lato-bold.ttf"; sourceTree = "<group>"; };
		90F4DDBE182D0B6B007CD66B /* lato-bolditalic.ttf */ = {isa = PBXFileReference; lastKnownFileType = file; path = "lato-bolditalic.ttf"; sourceTree = "<group>"; };
		90F4DDBF182D0B6B007CD66B /* lato-hairline.ttf */ = {isa = PBXFileReference; lastKnownFileType = file; path = "lato-hairline.ttf"; sourceTree = "<group>"; };
		90F4DDC0182D0B6B007CD66B /* lato-hairlineitalic.ttf */ = {isa = PBXFileReference; lastKnownFileType = file; path = "lato-hairlineitalic.ttf"; sourceTree = "<group>"; };
		90F4DDC1182D0B6B007CD66B /* lato-italic.ttf */ = {isa = PBXFileReference; lastKnownFileType = file; path = "lato-italic.ttf"; sourceTree = "<group>"; };
		90F4DDC2182D0B6B007CD66B /* lato-light.ttf */ = {isa = PBXFileReference; lastKnownFileType = file; path = "lato-light.ttf"; sourceTree = "<group>"; };
		90F4DDC3182D0B6B007CD66B /* lato-lightitalic.ttf */ = {isa = PBXFileReference; lastKnownFileType = file; path = "lato-lightitalic.ttf"; sourceTree = "<group>"; };
		90F4DDC4182D0B6B007CD66B /* lato-regular.ttf */ = {isa = PBXFileReference; lastKnownFileType = file; path = "lato-regular.ttf"; sourceTree = "<group>"; };
		D0C681DE3E364AEF853C6553 /* Pods-LMS.xcconfig */ = {isa = PBXFileReference; includeInIndex = 1; lastKnownFileType = text.xcconfig; name = "Pods-LMS.xcconfig"; path = "Pods/Pods-LMS.xcconfig"; sourceTree = "<group>"; };
		F7E78292728E4CE9BFE9B899 /* libPods-LMS.a */ = {isa = PBXFileReference; explicitFileType = archive.ar; includeInIndex = 0; path = "libPods-LMS.a"; sourceTree = BUILT_PRODUCTS_DIR; };
/* End PBXFileReference section */

/* Begin PBXFrameworksBuildPhase section */
		901E9420182BF7710048C761 /* Frameworks */ = {
			isa = PBXFrameworksBuildPhase;
			buildActionMask = 2147483647;
			files = (
				901E9429182BF7710048C761 /* CoreGraphics.framework in Frameworks */,
				901E942B182BF7710048C761 /* UIKit.framework in Frameworks */,
				901E9427182BF7710048C761 /* Foundation.framework in Frameworks */,
				7BDA1365B1CD4ABC95E19243 /* libPods-LMS.a in Frameworks */,
			);
			runOnlyForDeploymentPostprocessing = 0;
		};
		901E9444182BF7720048C761 /* Frameworks */ = {
			isa = PBXFrameworksBuildPhase;
			buildActionMask = 2147483647;
			files = (
				901E9449182BF7720048C761 /* XCTest.framework in Frameworks */,
				901E944B182BF7720048C761 /* UIKit.framework in Frameworks */,
				901E944A182BF7720048C761 /* Foundation.framework in Frameworks */,
			);
			runOnlyForDeploymentPostprocessing = 0;
		};
/* End PBXFrameworksBuildPhase section */

/* Begin PBXGroup section */
		901E941A182BF7710048C761 = {
			isa = PBXGroup;
			children = (
				901E942C182BF7710048C761 /* LMS */,
				901E944E182BF7720048C761 /* LMSTests */,
				901E9425182BF7710048C761 /* Frameworks */,
				901E9424182BF7710048C761 /* Products */,
				D0C681DE3E364AEF853C6553 /* Pods-LMS.xcconfig */,
			);
			sourceTree = "<group>";
		};
		901E9424182BF7710048C761 /* Products */ = {
			isa = PBXGroup;
			children = (
				901E9423182BF7710048C761 /* LMS.app */,
				901E9447182BF7720048C761 /* LMSTests.xctest */,
			);
			name = Products;
			sourceTree = "<group>";
		};
		901E9425182BF7710048C761 /* Frameworks */ = {
			isa = PBXGroup;
			children = (
				901E9426182BF7710048C761 /* Foundation.framework */,
				901E9428182BF7710048C761 /* CoreGraphics.framework */,
				901E942A182BF7710048C761 /* UIKit.framework */,
				901E9448182BF7720048C761 /* XCTest.framework */,
				F7E78292728E4CE9BFE9B899 /* libPods-LMS.a */,
			);
			name = Frameworks;
			sourceTree = "<group>";
		};
		901E942C182BF7710048C761 /* LMS */ = {
			isa = PBXGroup;
			children = (
				901E945F182BF9900048C761 /* Ressources */,
				901E9515182C6CAF0048C761 /* Parameters */,
				901E94A3182BFEB60048C761 /* Extenssions */,
				901E94B3182C00890048C761 /* Model */,
				901E94C4182C02CC0048C761 /* Manager */,
				901E945E182BF9840048C761 /* View Controller */,
				901E9435182BF7710048C761 /* AppDelegate.h */,
				901E9436182BF7710048C761 /* AppDelegate.m */,
				901E9438182BF7710048C761 /* Main_iPhone.storyboard */,
				901E943B182BF7710048C761 /* Main_iPad.storyboard */,
				901E942D182BF7710048C761 /* Supporting Files */,
			);
			path = LMS;
			sourceTree = "<group>";
		};
		901E942D182BF7710048C761 /* Supporting Files */ = {
			isa = PBXGroup;
			children = (
				901E942E182BF7710048C761 /* LMS-Info.plist */,
				901E942F182BF7710048C761 /* InfoPlist.strings */,
				901E9432182BF7710048C761 /* main.m */,
				901E9434182BF7710048C761 /* LMS-Prefix.pch */,
			);
			name = "Supporting Files";
			sourceTree = "<group>";
		};
		901E944E182BF7720048C761 /* LMSTests */ = {
			isa = PBXGroup;
			children = (
				901E9454182BF7720048C761 /* LMSTests.m */,
				901E944F182BF7720048C761 /* Supporting Files */,
			);
			path = LMSTests;
			sourceTree = "<group>";
		};
		901E944F182BF7720048C761 /* Supporting Files */ = {
			isa = PBXGroup;
			children = (
				901E9450182BF7720048C761 /* LMSTests-Info.plist */,
				901E9451182BF7720048C761 /* InfoPlist.strings */,
			);
			name = "Supporting Files";
			sourceTree = "<group>";
		};
		901E945E182BF9840048C761 /* View Controller */ = {
			isa = PBXGroup;
			children = (
				901E94F1182C36EA0048C761 /* User */,
				901E94ED182C310F0048C761 /* Sticker Editing */,
				901E94E9182C30DE0048C761 /* Sticker Adding */,
				901E94DE182C308E0048C761 /* Sricker */,
				901E94E5182C30B60048C761 /* Sticker Detail */,
				901E94D8182C20AA0048C761 /* LMS - BASE */,
				901E9499182BFD980048C761 /* Map */,
				901E9473182BFBB80048C761 /* Navigation */,
				901E9472182BFBB00048C761 /* Menu */,
				901E9474182BFBC60048C761 /* Root */,
				901E9471182BFBA70048C761 /* Home */,
				901E9468182BF9C30048C761 /* LMSSecondViewController.h */,
				901E9469182BF9C30048C761 /* LMSSecondViewController.m */,
			);
			name = "View Controller";
			sourceTree = "<group>";
		};
		901E945F182BF9900048C761 /* Ressources */ = {
			isa = PBXGroup;
			children = (
				901E946F182BFA2A0048C761 /* Images.xcassets */,
				90F4DDBA182D0B5C007CD66B /* Fonts */,
				901E9477182BFC430048C761 /* Demo */,
			);
			name = Ressources;
			sourceTree = "<group>";
		};
		901E9471182BFBA70048C761 /* Home */ = {
			isa = PBXGroup;
			children = (
				901E9460182BF9C30048C761 /* LMSHomeViewController.h */,
				901E9461182BF9C30048C761 /* LMSHomeViewController.m */,
			);
			name = Home;
			sourceTree = "<group>";
		};
		901E9472182BFBB00048C761 /* Menu */ = {
			isa = PBXGroup;
			children = (
				901E9462182BF9C30048C761 /* LMSMenuViewController.h */,
				901E9463182BF9C30048C761 /* LMSMenuViewController.mm */,
			);
			name = Menu;
			sourceTree = "<group>";
		};
		901E9473182BFBB80048C761 /* Navigation */ = {
			isa = PBXGroup;
			children = (
				901E9464182BF9C30048C761 /* LMSNavigationController.h */,
				901E9465182BF9C30048C761 /* LMSNavigationController.m */,
			);
			name = Navigation;
			sourceTree = "<group>";
		};
		901E9474182BFBC60048C761 /* Root */ = {
			isa = PBXGroup;
			children = (
				901E9466182BF9C30048C761 /* LMSRootViewController.h */,
				901E9467182BF9C30048C761 /* LMSRootViewController.m */,
			);
			name = Root;
			sourceTree = "<group>";
		};
		901E9477182BFC430048C761 /* Demo */ = {
			isa = PBXGroup;
			children = (
				901E9475182BFC3E0048C761 /* avatar@2x.jpg */,
			);
			name = Demo;
			sourceTree = "<group>";
		};
		901E9499182BFD980048C761 /* Map */ = {
			isa = PBXGroup;
			children = (
				901E949E182BFE560048C761 /* View */,
				901E949C182BFDF80048C761 /* Helpers */,
				901E949A182BFDA50048C761 /* Header */,
				901E947B182BFD2B0048C761 /* LMSMapBaseView.h */,
				901E947C182BFD2B0048C761 /* LMSMapBaseView.m */,
				901E9481182BFD2B0048C761 /* LMSMapViewController.h */,
				901E9482182BFD2B0048C761 /* LMSMapViewController.m */,
			);
			name = Map;
			sourceTree = "<group>";
		};
		901E949A182BFDA50048C761 /* Header */ = {
			isa = PBXGroup;
			children = (
				901E9478182BFD2B0048C761 /* LMSHeaderMapView.h */,
				901E9479182BFD2B0048C761 /* LMSHeaderMapView.m */,
				901E947A182BFD2B0048C761 /* LMSHeaderMapViewDelegate.h */,
			);
			name = Header;
			sourceTree = "<group>";
		};
		901E949B182BFDCD0048C761 /* ImageView */ = {
			isa = PBXGroup;
			children = (
				901E947D182BFD2B0048C761 /* LMSMapImageView.h */,
				901E947E182BFD2B0048C761 /* LMSMapImageView.m */,
			);
			name = ImageView;
			sourceTree = "<group>";
		};
		901E949C182BFDF80048C761 /* Helpers */ = {
			isa = PBXGroup;
			children = (
				901E949D182BFE340048C761 /* Button */,
				901E949B182BFDCD0048C761 /* ImageView */,
			);
			name = Helpers;
			sourceTree = "<group>";
		};
		901E949D182BFE340048C761 /* Button */ = {
			isa = PBXGroup;
			children = (
				901E947F182BFD2B0048C761 /* LMSMapViewButton.h */,
				901E9480182BFD2B0048C761 /* LMSMapViewButton.m */,
			);
			name = Button;
			sourceTree = "<group>";
		};
		901E949E182BFE560048C761 /* View */ = {
			isa = PBXGroup;
			children = (
				901E949F182BFE740048C761 /* LMSMapView.h */,
				901E94A0182BFE740048C761 /* LMSMapView.m */,
				901E94A1182BFE740048C761 /* LMSMapViewProtocol.h */,
				901E94DC182C24420048C761 /* Annotation */,
				901E94DD182C24640048C761 /* Sticker Collection */,
			);
			name = View;
			sourceTree = "<group>";
		};
		901E94A3182BFEB60048C761 /* Extenssions */ = {
			isa = PBXGroup;
			children = (
				901E9525182C71970048C761 /* NSString+QueryString.h */,
				901E9526182C71970048C761 /* NSString+QueryString.m */,
				901E9522182C70820048C761 /* NSDictionary+QueryString.h */,
				901E9523182C70820048C761 /* NSDictionary+QueryString.m */,
				901E951F182C6F9B0048C761 /* UITextField+Extended.h */,
				901E9520182C6F9B0048C761 /* UITextField+Extended.m */,
				901E9512182C6B9D0048C761 /* UIViewController+Extension.h */,
				901E9513182C6B9D0048C761 /* UIViewController+Extension.m */,
				901E94A7182BFEE20048C761 /* UIColor+AppColor.h */,
				901E94A8182BFEE20048C761 /* UIColor+AppColor.m */,
				901E94A4182BFEC30048C761 /* UIFont+AppFont.h */,
				901E94A5182BFEC30048C761 /* UIFont+AppFont.m */,
				901E94CC182C08380048C761 /* NSDate+AppDate.h */,
				901E94CD182C08380048C761 /* NSDate+AppDate.m */,
			);
			name = Extenssions;
			sourceTree = "<group>";
		};
		901E94B3182C00890048C761 /* Model */ = {
			isa = PBXGroup;
			children = (
				901E953A182C80F90048C761 /* Parameters */,
				901E9529182C71FF0048C761 /* History */,
				901E9528182C71FA0048C761 /* Account */,
				901E94BD182C00FB0048C761 /* StickerConfiguration */,
				901E94B8182C00AA0048C761 /* Sticker */,
				901E94B4182C008F0048C761 /* Location */,
			);
			name = Model;
			sourceTree = "<group>";
		};
		901E94B4182C008F0048C761 /* Location */ = {
			isa = PBXGroup;
			children = (
				901E94B5182C00A50048C761 /* LMSLocation.h */,
				901E94B6182C00A50048C761 /* LMSLocation.m */,
				901E94CF182C09110048C761 /* LMSLocation+Manager.h */,
				901E94D0182C09110048C761 /* LMSLocation+Manager.m */,
			);
			name = Location;
			sourceTree = "<group>";
		};
		901E94B8182C00AA0048C761 /* Sticker */ = {
			isa = PBXGroup;
			children = (
				901E94BA182C00C20048C761 /* LMSSticker.h */,
				901E94BB182C00C20048C761 /* LMSSticker.m */,
				901E94C9182C03420048C761 /* LMSSticker+Manager.h */,
				901E94CA182C03420048C761 /* LMSSticker+Manager.m */,
			);
			name = Sticker;
			sourceTree = "<group>";
		};
		901E94BD182C00FB0048C761 /* StickerConfiguration */ = {
			isa = PBXGroup;
			children = (
				901E94BE182C011E0048C761 /* LMSStickerConfiguration.h */,
				901E94BF182C011E0048C761 /* LMSStickerConfiguration.m */,
				901E94D2182C0CCB0048C761 /* LMSStickerConfiguration+Manager.h */,
				901E94D3182C0CCB0048C761 /* LMSStickerConfiguration+Manager.m */,
			);
			name = StickerConfiguration;
			sourceTree = "<group>";
		};
		901E94C4182C02CC0048C761 /* Manager */ = {
			isa = PBXGroup;
			children = (
				901E9536182C7D1A0048C761 /* Operation */,
				901E950E182C679C0048C761 /* API Manager */,
				901E951B182C6DCE0048C761 /* Analytics */,
				901E94C5182C02F90048C761 /* Websocket */,
			);
			name = Manager;
			sourceTree = "<group>";
		};
		901E94C5182C02F90048C761 /* Websocket */ = {
			isa = PBXGroup;
			children = (
				901E94C6182C03070048C761 /* WebSocketManager.h */,
				901E94C7182C03070048C761 /* WebSocketManager.m */,
			);
			name = Websocket;
			sourceTree = "<group>";
		};
		901E94D8182C20AA0048C761 /* LMS - BASE */ = {
			isa = PBXGroup;
			children = (
				901E94D5182C20660048C761 /* LMSViewController.h */,
				901E94D6182C20660048C761 /* LMSViewController.m */,
				901E94D9182C21B40048C761 /* LMSTableViewController.h */,
				901E94DA182C21B40048C761 /* LMSTableViewController.m */,
			);
			name = "LMS - BASE";
			sourceTree = "<group>";
		};
		901E94DC182C24420048C761 /* Annotation */ = {
			isa = PBXGroup;
			children = (
				901E94AD182BFFE50048C761 /* LMSAnnotationView.h */,
				901E94AE182BFFE50048C761 /* LMSAnnotationView.m */,
				901E94C1182C02290048C761 /* LMSAnnotation.h */,
				901E94C2182C02290048C761 /* LMSAnnotation.m */,
			);
			name = Annotation;
			sourceTree = "<group>";
		};
		901E94DD182C24640048C761 /* Sticker Collection */ = {
			isa = PBXGroup;
			children = (
				901E94B0182C001D0048C761 /* LMSMapCollectionViewCell.h */,
				901E94B1182C001D0048C761 /* LMSMapCollectionViewCell.m */,
				901E94AA182BFFB60048C761 /* LMSStickerCollectionView.h */,
				901E94AB182BFFB60048C761 /* LMSStickerCollectionView.m */,
			);
			name = "Sticker Collection";
			sourceTree = "<group>";
		};
		901E94DE182C308E0048C761 /* Sricker */ = {
			isa = PBXGroup;
			children = (
				901E94DF182C30A00048C761 /* StickerCell.h */,
				901E94E0182C30A00048C761 /* StickerCell.m */,
				901E94E1182C30A00048C761 /* StickersTableViewController.h */,
				901E94E2182C30A00048C761 /* StickersTableViewController.m */,
			);
			name = Sricker;
			sourceTree = "<group>";
		};
		901E94E5182C30B60048C761 /* Sticker Detail */ = {
			isa = PBXGroup;
			children = (
				901E94E6182C30C70048C761 /* StickerDetailViewController.h */,
				901E94E7182C30C70048C761 /* StickerDetailViewController.m */,
			);
			name = "Sticker Detail";
			sourceTree = "<group>";
		};
		901E94E9182C30DE0048C761 /* Sticker Adding */ = {
			isa = PBXGroup;
			children = (
				901E94EA182C30F00048C761 /* StickerAddingTableViewController.h */,
				901E94EB182C30F00048C761 /* StickerAddingTableViewController.m */,
			);
			name = "Sticker Adding";
			sourceTree = "<group>";
		};
		901E94ED182C310F0048C761 /* Sticker Editing */ = {
			isa = PBXGroup;
			children = (
				901E94EE182C31370048C761 /* StickerEditingViewController.h */,
				901E94EF182C31370048C761 /* StickerEditingViewController.m */,
			);
			name = "Sticker Editing";
			sourceTree = "<group>";
		};
		901E94F1182C36EA0048C761 /* User */ = {
			isa = PBXGroup;
			children = (
				901E9500182C37430048C761 /* UserTableViewController.h */,
				901E9501182C37430048C761 /* UserTableViewController.mm */,
				901E950B182C37BF0048C761 /* CustomCell.h */,
				901E950C182C37BF0048C761 /* CustomCell.m */,
				901E94F9182C37170048C761 /* History */,
				901E94F2182C36F70048C761 /* Followed Stickers */,
				901E9503182C37530048C761 /* Account */,
				901E9507182C37890048C761 /* Settings */,
			);
			name = User;
			sourceTree = "<group>";
		};
		901E94F2182C36F70048C761 /* Followed Stickers */ = {
			isa = PBXGroup;
			children = (
				901E94F3182C37070048C761 /* FollowedStickerCell.h */,
				901E94F4182C37070048C761 /* FollowedStickerCell.m */,
				901E94F5182C37070048C761 /* FollowedStickersViewController.h */,
				901E94F6182C37070048C761 /* FollowedStickersViewController.m */,
			);
			name = "Followed Stickers";
			sourceTree = "<group>";
		};
		901E94F9182C37170048C761 /* History */ = {
			isa = PBXGroup;
			children = (
				901E94FA182C37290048C761 /* HistoriesViewController.h */,
				901E94FB182C37290048C761 /* HistoriesViewController.m */,
				901E94FC182C37290048C761 /* HistoryCell.h */,
				901E94FD182C37290048C761 /* HistoryCell.m */,
			);
			name = History;
			sourceTree = "<group>";
		};
		901E9503182C37530048C761 /* Account */ = {
			isa = PBXGroup;
			children = (
				901E9504182C376A0048C761 /* AccountViewController.h */,
				901E9505182C376A0048C761 /* AccountViewController.m */,
			);
			name = Account;
			sourceTree = "<group>";
		};
		901E9507182C37890048C761 /* Settings */ = {
			isa = PBXGroup;
			children = (
				901E9508182C379E0048C761 /* SettingsViewController.h */,
				901E9509182C379E0048C761 /* SettingsViewController.m */,
			);
			name = Settings;
			sourceTree = "<group>";
		};
		901E950E182C679C0048C761 /* API Manager */ = {
			isa = PBXGroup;
			children = (
				901E950F182C67EF0048C761 /* LMSAPIManager.h */,
				901E9510182C67EF0048C761 /* LMSAPIManager.m */,
			);
			name = "API Manager";
			sourceTree = "<group>";
		};
		901E9515182C6CAF0048C761 /* Parameters */ = {
			isa = PBXGroup;
			children = (
				901E9516182C6CD10048C761 /* AppParameters.h */,
				901E9517182C6CD10048C761 /* AppParameters.m */,
				901E9519182C6D470048C761 /* lms.json */,
			);
			name = Parameters;
			sourceTree = "<group>";
		};
		901E951B182C6DCE0048C761 /* Analytics */ = {
			isa = PBXGroup;
			children = (
				901E951C182C6E020048C761 /* AnalyticsManager.h */,
				901E951D182C6E020048C761 /* AnalyticsManager.m */,
			);
			name = Analytics;
			sourceTree = "<group>";
		};
		901E9528182C71FA0048C761 /* Account */ = {
			isa = PBXGroup;
			children = (
				901E952A182C720D0048C761 /* Account.h */,
				901E952B182C720D0048C761 /* Account.m */,
				901E952D182C721C0048C761 /* Account+Manager.h */,
				901E952E182C721C0048C761 /* Account+Manager.m */,
			);
			name = Account;
			sourceTree = "<group>";
		};
		901E9529182C71FF0048C761 /* History */ = {
			isa = PBXGroup;
			children = (
				901E9530182C722B0048C761 /* History.h */,
				901E9531182C722B0048C761 /* History.m */,
				901E9533182C72370048C761 /* History+Manager.h */,
				901E9534182C72370048C761 /* History+Manager.m */,
			);
			name = History;
			sourceTree = "<group>";
		};
		901E9536182C7D1A0048C761 /* Operation */ = {
			isa = PBXGroup;
			children = (
				901E9537182C7D340048C761 /* OperationManager.h */,
				901E9538182C7D340048C761 /* OperationManager.m */,
			);
			name = Operation;
			sourceTree = "<group>";
		};
		901E953A182C80F90048C761 /* Parameters */ = {
			isa = PBXGroup;
			children = (
				901E953B182C81180048C761 /* Parameters.h */,
				901E953C182C81180048C761 /* Parameters.m */,
				901E9541182C90AE0048C761 /* NetworkKeys.h */,
				901E9542182C90AE0048C761 /* NetworkKeys.m */,
				901E9544182C9E170048C761 /* Languages.h */,
				901E9545182C9E170048C761 /* Languages.m */,
				901E9547182C9EEB0048C761 /* Pages.h */,
				901E9548182C9EEB0048C761 /* Pages.m */,
				901E954A182C9F9D0048C761 /* Descriptions.h */,
				901E954B182C9F9D0048C761 /* Descriptions.m */,
				901E954E182C9FE00048C761 /* KeyWords.h */,
				901E954F182C9FE00048C761 /* KeyWords.m */,
			);
			name = Parameters;
			sourceTree = "<group>";
		};
		90F4DDBA182D0B5C007CD66B /* Fonts */ = {
			isa = PBXGroup;
			children = (
				90F4DDBB182D0B6B007CD66B /* lato-black.ttf */,
				90F4DDBC182D0B6B007CD66B /* lato-blackitalic.ttf */,
				90F4DDBD182D0B6B007CD66B /* lato-bold.ttf */,
				90F4DDBE182D0B6B007CD66B /* lato-bolditalic.ttf */,
				90F4DDBF182D0B6B007CD66B /* lato-hairline.ttf */,
				90F4DDC0182D0B6B007CD66B /* lato-hairlineitalic.ttf */,
				90F4DDC1182D0B6B007CD66B /* lato-italic.ttf */,
				90F4DDC2182D0B6B007CD66B /* lato-light.ttf */,
				90F4DDC3182D0B6B007CD66B /* lato-lightitalic.ttf */,
				90F4DDC4182D0B6B007CD66B /* lato-regular.ttf */,
			);
			name = Fonts;
			sourceTree = "<group>";
		};
/* End PBXGroup section */

/* Begin PBXNativeTarget section */
		901E9422182BF7710048C761 /* LMS */ = {
			isa = PBXNativeTarget;
			buildConfigurationList = 901E9458182BF7720048C761 /* Build configuration list for PBXNativeTarget "LMS" */;
			buildPhases = (
				DA6C768BAEB84B41B473D1EE /* Check Pods Manifest.lock */,
				901E941F182BF7710048C761 /* Sources */,
				901E9420182BF7710048C761 /* Frameworks */,
				901E9421182BF7710048C761 /* Resources */,
				A559799AB5C2478AA1350977 /* Copy Pods Resources */,
			);
			buildRules = (
			);
			dependencies = (
			);
			name = LMS;
			productName = LMS;
			productReference = 901E9423182BF7710048C761 /* LMS.app */;
			productType = "com.apple.product-type.application";
		};
		901E9446182BF7720048C761 /* LMSTests */ = {
			isa = PBXNativeTarget;
			buildConfigurationList = 901E945B182BF7720048C761 /* Build configuration list for PBXNativeTarget "LMSTests" */;
			buildPhases = (
				901E9443182BF7720048C761 /* Sources */,
				901E9444182BF7720048C761 /* Frameworks */,
				901E9445182BF7720048C761 /* Resources */,
			);
			buildRules = (
			);
			dependencies = (
				901E944D182BF7720048C761 /* PBXTargetDependency */,
			);
			name = LMSTests;
			productName = LMSTests;
			productReference = 901E9447182BF7720048C761 /* LMSTests.xctest */;
			productType = "com.apple.product-type.bundle.unit-test";
		};
/* End PBXNativeTarget section */

/* Begin PBXProject section */
		901E941B182BF7710048C761 /* Project object */ = {
			isa = PBXProject;
			attributes = {
				LastUpgradeCheck = 0500;
				ORGANIZATIONNAME = Team3000;
				TargetAttributes = {
					901E9446182BF7720048C761 = {
						TestTargetID = 901E9422182BF7710048C761;
					};
				};
			};
			buildConfigurationList = 901E941E182BF7710048C761 /* Build configuration list for PBXProject "LMS" */;
			compatibilityVersion = "Xcode 3.2";
			developmentRegion = English;
			hasScannedForEncodings = 0;
			knownRegions = (
				en,
				Base,
			);
			mainGroup = 901E941A182BF7710048C761;
			productRefGroup = 901E9424182BF7710048C761 /* Products */;
			projectDirPath = "";
			projectRoot = "";
			targets = (
				901E9422182BF7710048C761 /* LMS */,
				901E9446182BF7720048C761 /* LMSTests */,
			);
		};
/* End PBXProject section */

/* Begin PBXResourcesBuildPhase section */
		901E9421182BF7710048C761 /* Resources */ = {
			isa = PBXResourcesBuildPhase;
			buildActionMask = 2147483647;
			files = (
				90F4DDCB182D0B6B007CD66B /* lato-italic.ttf in Resources */,
				90F4DDCC182D0B6B007CD66B /* lato-light.ttf in Resources */,
				90F4DDC6182D0B6B007CD66B /* lato-blackitalic.ttf in Resources */,
				90F4DDC8182D0B6B007CD66B /* lato-bolditalic.ttf in Resources */,
				90F4DDC9182D0B6B007CD66B /* lato-hairline.ttf in Resources */,
				90F4DDC5182D0B6B007CD66B /* lato-black.ttf in Resources */,
				901E943D182BF7710048C761 /* Main_iPad.storyboard in Resources */,
				901E9470182BFA2A0048C761 /* Images.xcassets in Resources */,
				90F4DDCA182D0B6B007CD66B /* lato-hairlineitalic.ttf in Resources */,
				901E951A182C6D470048C761 /* lms.json in Resources */,
				901E943A182BF7710048C761 /* Main_iPhone.storyboard in Resources */,
				90F4DDCE182D0B6B007CD66B /* lato-regular.ttf in Resources */,
				901E9476182BFC3E0048C761 /* avatar@2x.jpg in Resources */,
				90F4DDC7182D0B6B007CD66B /* lato-bold.ttf in Resources */,
				901E9431182BF7710048C761 /* InfoPlist.strings in Resources */,
				90F4DDCD182D0B6B007CD66B /* lato-lightitalic.ttf in Resources */,
			);
			runOnlyForDeploymentPostprocessing = 0;
		};
		901E9445182BF7720048C761 /* Resources */ = {
			isa = PBXResourcesBuildPhase;
			buildActionMask = 2147483647;
			files = (
				901E9453182BF7720048C761 /* InfoPlist.strings in Resources */,
			);
			runOnlyForDeploymentPostprocessing = 0;
		};
/* End PBXResourcesBuildPhase section */

/* Begin PBXShellScriptBuildPhase section */
		A559799AB5C2478AA1350977 /* Copy Pods Resources */ = {
			isa = PBXShellScriptBuildPhase;
			buildActionMask = 2147483647;
			files = (
			);
			inputPaths = (
			);
			name = "Copy Pods Resources";
			outputPaths = (
			);
			runOnlyForDeploymentPostprocessing = 0;
			shellPath = /bin/sh;
			shellScript = "\"${SRCROOT}/Pods/Pods-LMS-resources.sh\"\n";
			showEnvVarsInLog = 0;
		};
		DA6C768BAEB84B41B473D1EE /* Check Pods Manifest.lock */ = {
			isa = PBXShellScriptBuildPhase;
			buildActionMask = 2147483647;
			files = (
			);
			inputPaths = (
			);
			name = "Check Pods Manifest.lock";
			outputPaths = (
			);
			runOnlyForDeploymentPostprocessing = 0;
			shellPath = /bin/sh;
			shellScript = "diff \"${PODS_ROOT}/../Podfile.lock\" \"${PODS_ROOT}/Manifest.lock\" > /dev/null\nif [[ $? != 0 ]] ; then\n    cat << EOM\nerror: The sandbox is not in sync with the Podfile.lock. Run 'pod install' or update your CocoaPods installation.\nEOM\n    exit 1\nfi\n";
			showEnvVarsInLog = 0;
		};
/* End PBXShellScriptBuildPhase section */

/* Begin PBXSourcesBuildPhase section */
		901E941F182BF7710048C761 /* Sources */ = {
			isa = PBXSourcesBuildPhase;
			buildActionMask = 2147483647;
			files = (
				901E94A2182BFE740048C761 /* LMSMapView.m in Sources */,
				901E94B7182C00A50048C761 /* LMSLocation.m in Sources */,
				901E952F182C721C0048C761 /* Account+Manager.m in Sources */,
				901E94F7182C37070048C761 /* FollowedStickerCell.m in Sources */,
				901E94CE182C08380048C761 /* NSDate+AppDate.m in Sources */,
				901E94B2182C001D0048C761 /* LMSMapCollectionViewCell.m in Sources */,
				901E9483182BFD2B0048C761 /* LMSHeaderMapView.m in Sources */,
				901E94F0182C31370048C761 /* StickerEditingViewController.m in Sources */,
				901E946C182BF9C30048C761 /* LMSNavigationController.m in Sources */,
				901E9546182C9E170048C761 /* Languages.m in Sources */,
				901E94FF182C37290048C761 /* HistoryCell.m in Sources */,
				901E9502182C37430048C761 /* UserTableViewController.mm in Sources */,
				901E9527182C71970048C761 /* NSString+QueryString.m in Sources */,
				901E954C182C9F9D0048C761 /* Descriptions.m in Sources */,
				901E94C0182C011E0048C761 /* LMSStickerConfiguration.m in Sources */,
				901E94E3182C30A00048C761 /* StickerCell.m in Sources */,
				901E94FE182C37290048C761 /* HistoriesViewController.m in Sources */,
				901E953D182C81180048C761 /* Parameters.m in Sources */,
				901E94EC182C30F00048C761 /* StickerAddingTableViewController.m in Sources */,
				901E9506182C376A0048C761 /* AccountViewController.m in Sources */,
				901E946A182BF9C30048C761 /* LMSHomeViewController.m in Sources */,
				901E9532182C722B0048C761 /* History.m in Sources */,
				901E94D4182C0CCB0048C761 /* LMSStickerConfiguration+Manager.m in Sources */,
				901E9549182C9EEB0048C761 /* Pages.m in Sources */,
				901E94A9182BFEE20048C761 /* UIColor+AppColor.m in Sources */,
				901E950A182C379E0048C761 /* SettingsViewController.m in Sources */,
				901E94D7182C20660048C761 /* LMSViewController.m in Sources */,
				901E9535182C72370048C761 /* History+Manager.m in Sources */,
				901E9524182C70820048C761 /* NSDictionary+QueryString.m in Sources */,
				901E9539182C7D340048C761 /* OperationManager.m in Sources */,
				901E9437182BF7710048C761 /* AppDelegate.m in Sources */,
				901E946B182BF9C30048C761 /* LMSMenuViewController.mm in Sources */,
				901E94A6182BFEC30048C761 /* UIFont+AppFont.m in Sources */,
				901E9485182BFD2B0048C761 /* LMSMapImageView.m in Sources */,
				901E94E4182C30A00048C761 /* StickersTableViewController.m in Sources */,
				901E94DB182C21B40048C761 /* LMSTableViewController.m in Sources */,
				901E94AF182BFFE50048C761 /* LMSAnnotationView.m in Sources */,
				901E9518182C6CD10048C761 /* AppParameters.m in Sources */,
				901E946E182BF9C30048C761 /* LMSSecondViewController.m in Sources */,
				901E9484182BFD2B0048C761 /* LMSMapBaseView.m in Sources */,
				901E94F8182C37070048C761 /* FollowedStickersViewController.m in Sources */,
				901E952C182C720D0048C761 /* Account.m in Sources */,
				901E946D182BF9C30048C761 /* LMSRootViewController.m in Sources */,
				901E94D1182C09110048C761 /* LMSLocation+Manager.m in Sources */,
				901E950D182C37BF0048C761 /* CustomCell.m in Sources */,
				901E94AC182BFFB60048C761 /* LMSStickerCollectionView.m in Sources */,
				901E9521182C6F9B0048C761 /* UITextField+Extended.m in Sources */,
				901E94C3182C02290048C761 /* LMSAnnotation.m in Sources */,
				901E9486182BFD2B0048C761 /* LMSMapViewButton.m in Sources */,
				901E9550182C9FE00048C761 /* KeyWords.m in Sources */,
				901E9514182C6B9D0048C761 /* UIViewController+Extension.m in Sources */,
				901E9511182C67EF0048C761 /* LMSAPIManager.m in Sources */,
				901E94CB182C03420048C761 /* LMSSticker+Manager.m in Sources */,
				901E9433182BF7710048C761 /* main.m in Sources */,
				901E9487182BFD2B0048C761 /* LMSMapViewController.m in Sources */,
				901E94BC182C00C20048C761 /* LMSSticker.m in Sources */,
				901E94C8182C03070048C761 /* WebSocketManager.m in Sources */,
				901E951E182C6E020048C761 /* AnalyticsManager.m in Sources */,
				901E9543182C90AE0048C761 /* NetworkKeys.m in Sources */,
				901E94E8182C30C70048C761 /* StickerDetailViewController.m in Sources */,
			);
			runOnlyForDeploymentPostprocessing = 0;
		};
		901E9443182BF7720048C761 /* Sources */ = {
			isa = PBXSourcesBuildPhase;
			buildActionMask = 2147483647;
			files = (
				901E9455182BF7720048C761 /* LMSTests.m in Sources */,
			);
			runOnlyForDeploymentPostprocessing = 0;
		};
/* End PBXSourcesBuildPhase section */

/* Begin PBXTargetDependency section */
		901E944D182BF7720048C761 /* PBXTargetDependency */ = {
			isa = PBXTargetDependency;
			target = 901E9422182BF7710048C761 /* LMS */;
			targetProxy = 901E944C182BF7720048C761 /* PBXContainerItemProxy */;
		};
/* End PBXTargetDependency section */

/* Begin PBXVariantGroup section */
		901E942F182BF7710048C761 /* InfoPlist.strings */ = {
			isa = PBXVariantGroup;
			children = (
				901E9430182BF7710048C761 /* en */,
			);
			name = InfoPlist.strings;
			sourceTree = "<group>";
		};
		901E9438182BF7710048C761 /* Main_iPhone.storyboard */ = {
			isa = PBXVariantGroup;
			children = (
				901E9439182BF7710048C761 /* Base */,
			);
			name = Main_iPhone.storyboard;
			sourceTree = "<group>";
		};
		901E943B182BF7710048C761 /* Main_iPad.storyboard */ = {
			isa = PBXVariantGroup;
			children = (
				901E943C182BF7710048C761 /* Base */,
			);
			name = Main_iPad.storyboard;
			sourceTree = "<group>";
		};
		901E9451182BF7720048C761 /* InfoPlist.strings */ = {
			isa = PBXVariantGroup;
			children = (
				901E9452182BF7720048C761 /* en */,
			);
			name = InfoPlist.strings;
			sourceTree = "<group>";
		};
/* End PBXVariantGroup section */

/* Begin XCBuildConfiguration section */
		901E9456182BF7720048C761 /* Debug */ = {
			isa = XCBuildConfiguration;
			buildSettings = {
				ALWAYS_SEARCH_USER_PATHS = NO;
				ARCHS = "$(ARCHS_STANDARD_INCLUDING_64_BIT)";
				CLANG_CXX_LANGUAGE_STANDARD = "gnu++0x";
				CLANG_CXX_LIBRARY = "libc++";
				CLANG_ENABLE_MODULES = YES;
				CLANG_ENABLE_OBJC_ARC = YES;
				CLANG_WARN_BOOL_CONVERSION = YES;
				CLANG_WARN_CONSTANT_CONVERSION = YES;
				CLANG_WARN_DIRECT_OBJC_ISA_USAGE = YES_ERROR;
				CLANG_WARN_EMPTY_BODY = YES;
				CLANG_WARN_ENUM_CONVERSION = YES;
				CLANG_WARN_INT_CONVERSION = YES;
				CLANG_WARN_OBJC_ROOT_CLASS = YES_ERROR;
				CLANG_WARN__DUPLICATE_METHOD_MATCH = YES;
				"CODE_SIGN_IDENTITY[sdk=iphoneos*]" = "iPhone Developer";
				COPY_PHASE_STRIP = NO;
				GCC_C_LANGUAGE_STANDARD = gnu99;
				GCC_DYNAMIC_NO_PIC = NO;
				GCC_OPTIMIZATION_LEVEL = 0;
				GCC_PREPROCESSOR_DEFINITIONS = (
					"DEBUG=1",
					"$(inherited)",
				);
				GCC_SYMBOLS_PRIVATE_EXTERN = NO;
				GCC_WARN_64_TO_32_BIT_CONVERSION = YES;
				GCC_WARN_ABOUT_RETURN_TYPE = YES_ERROR;
				GCC_WARN_UNDECLARED_SELECTOR = YES;
				GCC_WARN_UNINITIALIZED_AUTOS = YES;
				GCC_WARN_UNUSED_FUNCTION = YES;
				GCC_WARN_UNUSED_VARIABLE = YES;
				IPHONEOS_DEPLOYMENT_TARGET = 7.0;
				ONLY_ACTIVE_ARCH = YES;
				SDKROOT = iphoneos;
				TARGETED_DEVICE_FAMILY = "1,2";
			};
			name = Debug;
		};
		901E9457182BF7720048C761 /* Release */ = {
			isa = XCBuildConfiguration;
			buildSettings = {
				ALWAYS_SEARCH_USER_PATHS = NO;
				ARCHS = "$(ARCHS_STANDARD_INCLUDING_64_BIT)";
				CLANG_CXX_LANGUAGE_STANDARD = "gnu++0x";
				CLANG_CXX_LIBRARY = "libc++";
				CLANG_ENABLE_MODULES = YES;
				CLANG_ENABLE_OBJC_ARC = YES;
				CLANG_WARN_BOOL_CONVERSION = YES;
				CLANG_WARN_CONSTANT_CONVERSION = YES;
				CLANG_WARN_DIRECT_OBJC_ISA_USAGE = YES_ERROR;
				CLANG_WARN_EMPTY_BODY = YES;
				CLANG_WARN_ENUM_CONVERSION = YES;
				CLANG_WARN_INT_CONVERSION = YES;
				CLANG_WARN_OBJC_ROOT_CLASS = YES_ERROR;
				CLANG_WARN__DUPLICATE_METHOD_MATCH = YES;
				"CODE_SIGN_IDENTITY[sdk=iphoneos*]" = "iPhone Developer";
				COPY_PHASE_STRIP = YES;
				ENABLE_NS_ASSERTIONS = NO;
				GCC_C_LANGUAGE_STANDARD = gnu99;
				GCC_WARN_64_TO_32_BIT_CONVERSION = YES;
				GCC_WARN_ABOUT_RETURN_TYPE = YES_ERROR;
				GCC_WARN_UNDECLARED_SELECTOR = YES;
				GCC_WARN_UNINITIALIZED_AUTOS = YES;
				GCC_WARN_UNUSED_FUNCTION = YES;
				GCC_WARN_UNUSED_VARIABLE = YES;
				IPHONEOS_DEPLOYMENT_TARGET = 7.0;
				SDKROOT = iphoneos;
				TARGETED_DEVICE_FAMILY = "1,2";
				VALIDATE_PRODUCT = YES;
			};
			name = Release;
		};
		901E9459182BF7720048C761 /* Debug */ = {
			isa = XCBuildConfiguration;
			baseConfigurationReference = D0C681DE3E364AEF853C6553 /* Pods-LMS.xcconfig */;
			buildSettings = {
				ASSETCATALOG_COMPILER_APPICON_NAME = AppIcon;
				ASSETCATALOG_COMPILER_LAUNCHIMAGE_NAME = LaunchImage;
				GCC_PRECOMPILE_PREFIX_HEADER = YES;
				GCC_PREFIX_HEADER = "LMS/LMS-Prefix.pch";
				INFOPLIST_FILE = "LMS/LMS-Info.plist";
				PRODUCT_NAME = "$(TARGET_NAME)";
				WRAPPER_EXTENSION = app;
			};
			name = Debug;
		};
		901E945A182BF7720048C761 /* Release */ = {
			isa = XCBuildConfiguration;
			baseConfigurationReference = D0C681DE3E364AEF853C6553 /* Pods-LMS.xcconfig */;
			buildSettings = {
				ASSETCATALOG_COMPILER_APPICON_NAME = AppIcon;
				ASSETCATALOG_COMPILER_LAUNCHIMAGE_NAME = LaunchImage;
				GCC_PRECOMPILE_PREFIX_HEADER = YES;
				GCC_PREFIX_HEADER = "LMS/LMS-Prefix.pch";
				INFOPLIST_FILE = "LMS/LMS-Info.plist";
				PRODUCT_NAME = "$(TARGET_NAME)";
				WRAPPER_EXTENSION = app;
			};
			name = Release;
		};
		901E945C182BF7720048C761 /* Debug */ = {
			isa = XCBuildConfiguration;
			buildSettings = {
				ARCHS = "$(ARCHS_STANDARD_INCLUDING_64_BIT)";
				BUNDLE_LOADER = "$(BUILT_PRODUCTS_DIR)/LMS.app/LMS";
				FRAMEWORK_SEARCH_PATHS = (
					"$(SDKROOT)/Developer/Library/Frameworks",
					"$(inherited)",
					"$(DEVELOPER_FRAMEWORKS_DIR)",
				);
				GCC_PRECOMPILE_PREFIX_HEADER = YES;
				GCC_PREFIX_HEADER = "LMS/LMS-Prefix.pch";
				GCC_PREPROCESSOR_DEFINITIONS = (
					"DEBUG=1",
					"$(inherited)",
				);
				INFOPLIST_FILE = "LMSTests/LMSTests-Info.plist";
				PRODUCT_NAME = "$(TARGET_NAME)";
				TEST_HOST = "$(BUNDLE_LOADER)";
				WRAPPER_EXTENSION = xctest;
			};
			name = Debug;
		};
		901E945D182BF7720048C761 /* Release */ = {
			isa = XCBuildConfiguration;
			buildSettings = {
				ARCHS = "$(ARCHS_STANDARD_INCLUDING_64_BIT)";
				BUNDLE_LOADER = "$(BUILT_PRODUCTS_DIR)/LMS.app/LMS";
				FRAMEWORK_SEARCH_PATHS = (
					"$(SDKROOT)/Developer/Library/Frameworks",
					"$(inherited)",
					"$(DEVELOPER_FRAMEWORKS_DIR)",
				);
				GCC_PRECOMPILE_PREFIX_HEADER = YES;
				GCC_PREFIX_HEADER = "LMS/LMS-Prefix.pch";
				INFOPLIST_FILE = "LMSTests/LMSTests-Info.plist";
				PRODUCT_NAME = "$(TARGET_NAME)";
				TEST_HOST = "$(BUNDLE_LOADER)";
				WRAPPER_EXTENSION = xctest;
			};
			name = Release;
		};
/* End XCBuildConfiguration section */

/* Begin XCConfigurationList section */
		901E941E182BF7710048C761 /* Build configuration list for PBXProject "LMS" */ = {
			isa = XCConfigurationList;
			buildConfigurations = (
				901E9456182BF7720048C761 /* Debug */,
				901E9457182BF7720048C761 /* Release */,
			);
			defaultConfigurationIsVisible = 0;
			defaultConfigurationName = Release;
		};
		901E9458182BF7720048C761 /* Build configuration list for PBXNativeTarget "LMS" */ = {
			isa = XCConfigurationList;
			buildConfigurations = (
				901E9459182BF7720048C761 /* Debug */,
				901E945A182BF7720048C761 /* Release */,
			);
			defaultConfigurationIsVisible = 0;
			defaultConfigurationName = Release;
		};
		901E945B182BF7720048C761 /* Build configuration list for PBXNativeTarget "LMSTests" */ = {
			isa = XCConfigurationList;
			buildConfigurations = (
				901E945C182BF7720048C761 /* Debug */,
				901E945D182BF7720048C761 /* Release */,
			);
			defaultConfigurationIsVisible = 0;
			defaultConfigurationName = Release;
		};
/* End XCConfigurationList section */
	};
	rootObject = 901E941B182BF7710048C761 /* Project object */;
}
